PODS:
  - Alamofire (4.5.0)
  - AlamofireImage (3.2.0):
    - Alamofire (~> 4.1)
  - AlamofireNetworkActivityIndicator (2.2.0):
    - Alamofire (~> 4.5)
  - GPUImage (0.1.7)
  - Kingfisher (3.11.0)
  - SwiftOCR (1.0):
    - GPUImage
  - SwiftyJSON (3.1.4)

DEPENDENCIES:
  - Alamofire
  - AlamofireImage
  - AlamofireNetworkActivityIndicator
  - Kingfisher (~> 3.0)
  - SwiftOCR
  - SwiftyJSON

SPEC CHECKSUMS:
  Alamofire: f28cdffd29de33a7bfa022cbd63ae95a27fae140
  AlamofireImage: 157ed682cc81d3b9db4fb90c1f12180ac552d93b
  AlamofireNetworkActivityIndicator: 81e1630e7cfed22a4e4e82a174c59e651dc4f8ca
  GPUImage: 733a5f0fab92df9de1c37ba9df520a833ccb406d
  Kingfisher: c8911a7672c6217dec8c0520fb6e76ec4b7e0780
  SwiftOCR: c0965eee5761acf3c780ba2c90020dc1c59de7a1
  SwiftyJSON: c2842d878f95482ffceec5709abc3d05680c0220

PODFILE CHECKSUM: 1870e4fbb294978047c29b3cc9c3fd1167d6a444

COCOAPODS: 1.2.1
